
Microsoft Visual Studio Solution File, Format Version 12.00
# Visual Studio Version 16
VisualStudioVersion = 16.0.33927.289
MinimumVisualStudioVersion = 10.0.40219.1
Project("{8BC9CEB8-8B4A-11D0-8D11-00A0C91BC942}") = "opengl tutorial", "opengl tutorial\opengl tutorial.vcxproj", "{BF21CD61-D942-4341-83B3-A03C86FABFA9}"
EndProject
Project("{8BC9CEB8-8B4A-11D0-8D11-00A0C91BC942}") = "visibility_detection_build", "visibility_detection_build\visibility_detection_build.vcxproj", "{42AE8438-4DF5-464B-A475-BA187AC98767}"
EndProject
Global
	GlobalSection(SolutionConfigurationPlatforms) = preSolution
		Debug|x64 = Debug|x64
		Debug|x86 = Debug|x86
		Release|x64 = Release|x64
		Release|x86 = Release|x86
	EndGlobalSection
	GlobalSection(ProjectConfigurationPlatforms) = postSolution
		{BF21CD61-D942-4341-83B3-A03C86FABFA9}.Debug|x64.ActiveCfg = Debug|x64
		{BF21CD61-D942-4341-83B3-A03C86FABFA9}.Debug|x64.Build.0 = Debug|x64
		{BF21CD61-D942-4341-83B3-A03C86FABFA9}.Debug|x86.ActiveCfg = Debug|Win32
		{BF21CD61-D942-4341-83B3-A03C86FABFA9}.Debug|x86.Build.0 = Debug|Win32
		{BF21CD61-D942-4341-83B3-A03C86FABFA9}.Release|x64.ActiveCfg = Release|x64
		{BF21CD61-D942-4341-83B3-A03C86FABFA9}.Release|x64.Build.0 = Release|x64
		{BF21CD61-D942-4341-83B3-A03C86FABFA9}.Release|x86.ActiveCfg = Release|Win32
		{BF21CD61-D942-4341-83B3-A03C86FABFA9}.Release|x86.Build.0 = Release|Win32
		{42AE8438-4DF5-464B-A475-BA187AC98767}.Debug|x64.ActiveCfg = Debug|x64
		{42AE8438-4DF5-464B-A475-BA187AC98767}.Debug|x64.Build.0 = Debug|x64
		{42AE8438-4DF5-464B-A475-BA187AC98767}.Debug|x86.ActiveCfg = Debug|Win32
		{42AE8438-4DF5-464B-A475-BA187AC98767}.Debug|x86.Build.0 = Debug|Win32
		{42AE8438-4DF5-464B-A475-BA187AC98767}.Release|x64.ActiveCfg = Release|x64
		{42AE8438-4DF5-464B-A475-BA187AC98767}.Release|x64.Build.0 = Release|x64
		{42AE8438-4DF5-464B-A475-BA187AC98767}.Release|x86.ActiveCfg = Release|Win32
		{42AE8438-4DF5-464B-A475-BA187AC98767}.Release|x86.Build.0 = Release|Win32
	EndGlobalSection
	GlobalSection(SolutionProperties) = preSolution
		HideSolutionNode = FALSE
	EndGlobalSection
	GlobalSection(ExtensibilityGlobals) = postSolution
		SolutionGuid = {F240D0BE-60D2-4F5D-8842-B9F98FB6FEE4}
	EndGlobalSection
EndGlobal
